# This file was autogenerated by Stack.
# You should not edit this file by hand.
# For more information, please see the documentation at:
#   https://docs.haskellstack.org/en/stable/lock_files

packages:
- completed:
    hackage: gloss-1.13.2.1@sha256:273d02d30e1896932d45424dab6022a16986c0ed3eef6937776b5f40854ce51c,4075
    pantry-tree:
      size: 3807
      sha256: 1bcac9962bad9412bfb3c3a694fcdaae7097ee4071b03fc1dc5ab6047baad01b
  original:
    hackage: gloss-1.13.2.1
- completed:
    hackage: random-1.2.1@sha256:8bee24dc0c985a90ee78d94c61f8aed21c49633686f0f1c14c5078d818ee43a2,6598
    pantry-tree:
      size: 1528
      sha256: 8bdc994ce41f43624ab42302a881fe5a0f81d965f5d238841e24943664681a06
  original:
    hackage: random-1.2.1
- completed:
    hackage: binary-0.8.9.1@sha256:81f468c1c75fd6535152ab69b2d32ac6cfcc03e345267b069abe4da56ec95801,6523
    pantry-tree:
      size: 1976
      sha256: 956ecd662408f69615977b87a92e042abcdc447b7824b8aabf5788c4393c10c5
  original:
    hackage: binary-0.8.9.1@sha256:81f468c1c75fd6535152ab69b2d32ac6cfcc03e345267b069abe4da56ec95801,6523
- completed:
    hackage: bytestring-0.10.12.1@sha256:82dba4c2de4fdd8b419ed28aec2c14cfe4a3f43d1d6e2263ab26962e7398048e,6254
    pantry-tree:
      size: 2140
      sha256: 119f151ee88539f3287276f087f2576b46a1792247e4dac288a930359710f70e
  original:
    hackage: bytestring-0.10.12.1@sha256:82dba4c2de4fdd8b419ed28aec2c14cfe4a3f43d1d6e2263ab26962e7398048e,6254
- completed:
    hackage: text-1.2.5.0@sha256:791f0f6c97ed96113f17ab520cf0efe1a3a4f883a8c85910a5660567c8241c40,7895
    pantry-tree:
      size: 7395
      sha256: f41504ec5c04a3f3358ef104362f02fdef29cbce4e5e4e6dbd6b6db70c40d4bf
  original:
    hackage: text-1.2.5.0@sha256:791f0f6c97ed96113f17ab520cf0efe1a3a4f883a8c85910a5660567c8241c40,7895
snapshots:
- completed:
    size: 586292
    url: https://raw.githubusercontent.com/commercialhaskell/stackage-snapshots/master/lts/18/17.yaml
    sha256: e66e70a7f998036025e8f40abc89b8eeb79c88f57727020cba1b54f375aa7ca0
  original: lts-18.17
